PODS:
  - Alamofire (4.7.3)
  - PureLayout (3.1.4)

DEPENDENCIES:
  - Alamofire (= 4.7.3)
  - PureLayout

SPEC REPOS:
  https://github.com/cocoapods/specs.git:
    - Alamofire
    - PureLayout

SPEC CHECKSUMS:
  Alamofire: c7287b6e5d7da964a70935e5db17046b7fde6568
  PureLayout: f08c01b8dec00bb14a1fefa3de4c7d9c265df85e

PODFILE CHECKSUM: 978a9240fde03f59f4bf1fdebfeb60cf34ae976d

COCOAPODS: 1.6.1
